
Microsoft Visual Studio Solution File, Format Version 11.00
# Visual Studio 2010
Project("{FAE04EC0-301F-11D3-BF4B-00C04F79EFBC}") = "TimeTracker.Portal", "TimeTracker.Portal\TimeTracker.Portal.csproj", "{07784200-6DE9-46D5-94C1-FEF4587D6D54}"
EndProject
Project("{FAE04EC0-301F-11D3-BF4B-00C04F79EFBC}") = "TimeTracker.Tests", "TimeTracker.Tests\TimeTracker.Tests.csproj", "{A2553350-1C44-4886-BC79-795B2C549256}"
EndProject
Global
	GlobalSection(SolutionConfigurationPlatforms) = preSolution
		Debug|Any CPU = Debug|Any CPU
		Release|Any CPU = Release|Any CPU
	EndGlobalSection
	GlobalSection(ProjectConfigurationPlatforms) = postSolution
		{07784200-6DE9-46D5-94C1-FEF4587D6D54}.Debug|Any CPU.ActiveCfg = Debug|Any CPU
		{07784200-6DE9-46D5-94C1-FEF4587D6D54}.Debug|Any CPU.Build.0 = Debug|Any CPU
		{07784200-6DE9-46D5-94C1-FEF4587D6D54}.Release|Any CPU.ActiveCfg = Release|Any CPU
		{07784200-6DE9-46D5-94C1-FEF4587D6D54}.Release|Any CPU.Build.0 = Release|Any CPU
		{A2553350-1C44-4886-BC79-795B2C549256}.Debug|Any CPU.ActiveCfg = Debug|Any CPU
		{A2553350-1C44-4886-BC79-795B2C549256}.Debug|Any CPU.Build.0 = Debug|Any CPU
		{A2553350-1C44-4886-BC79-795B2C549256}.Release|Any CPU.ActiveCfg = Release|Any CPU
		{A2553350-1C44-4886-BC79-795B2C549256}.Release|Any CPU.Build.0 = Release|Any CPU
	EndGlobalSection
	GlobalSection(SolutionProperties) = preSolution
		HideSolutionNode = FALSE
	EndGlobalSection
EndGlobal
